
Microsoft Visual Studio Solution File, Format Version 12.00
# Visual Studio 2012
Project("{FAE04EC0-301F-11D3-BF4B-00C04F79EFBC}") = "Prueba", "Prueba\Prueba.csproj", "{EDE0C885-417F-46C5-8AE7-5F3FC55B514E}"
EndProject
Project("{FAE04EC0-301F-11D3-BF4B-00C04F79EFBC}") = "TestPrueba", "TestPrueba\TestPrueba.csproj", "{627B49B1-1308-4F4F-BD06-6FC3699FA922}"
EndProject
Global
	GlobalSection(SolutionConfigurationPlatforms) = preSolution
		Debug|Any CPU = Debug|Any CPU
		Release|Any CPU = Release|Any CPU
	EndGlobalSection
	GlobalSection(ProjectConfigurationPlatforms) = postSolution
		{EDE0C885-417F-46C5-8AE7-5F3FC55B514E}.Debug|Any CPU.ActiveCfg = Debug|Any CPU
		{EDE0C885-417F-46C5-8AE7-5F3FC55B514E}.Debug|Any CPU.Build.0 = Debug|Any CPU
		{EDE0C885-417F-46C5-8AE7-5F3FC55B514E}.Release|Any CPU.ActiveCfg = Release|Any CPU
		{EDE0C885-417F-46C5-8AE7-5F3FC55B514E}.Release|Any CPU.Build.0 = Release|Any CPU
		{627B49B1-1308-4F4F-BD06-6FC3699FA922}.Debug|Any CPU.ActiveCfg = Debug|Any CPU
		{627B49B1-1308-4F4F-BD06-6FC3699FA922}.Debug|Any CPU.Build.0 = Debug|Any CPU
		{627B49B1-1308-4F4F-BD06-6FC3699FA922}.Release|Any CPU.ActiveCfg = Release|Any CPU
		{627B49B1-1308-4F4F-BD06-6FC3699FA922}.Release|Any CPU.Build.0 = Release|Any CPU
	EndGlobalSection
	GlobalSection(SolutionProperties) = preSolution
		HideSolutionNode = FALSE
	EndGlobalSection
EndGlobal
